<Solution>
  <Project Path="BTFX/BTFX.csproj" />
  <Project Path="ActivationCodeTool/ActivationCodeTool.csproj" />
  <Project Path="ToolHelper.Communication/ToolHelper.Communication.csproj" />
  <Project Path="ToolHelper.Database/ToolHelper.Database.csproj" />
  <Project Path="ToolHelper.DataProcessing/ToolHelper.DataProcessing.csproj" />
  <Project Path="ToolHelper.LoggingDiagnostics/ToolHelper.LoggingDiagnostics.csproj" />
</Solution>
